{
    "name": "create-read",
    "version": "1.0.0",
    "lockfileVersion": 2,
    "requires": true,
    "packages": {
      "": {
        "name": "create-read",
        "version": "1.0.0",
        "license": "ISC",
        "dependencies": {
          "express": "^4.18.1",
          "mongodb": "^3.7.3",
          "mongoose": "^6.3.4"
        }
      },
      "node_modules/@types/node": {
        "version": "18.7.2",
        "resolved": "https://registry.npmjs.org/@types/node/-/node-18.7.2.tgz",
        "integrity": "sha512-ce7MIiaYWCFv6A83oEultwhBXb22fxwNOQf5DIxWA4WXvDQ7K+L0fbWl/YOfCzlR5B/uFkSnVBhPcOfOECcWvA=="
      },
      "node_modules/@types/webidl-conversions": {
        "version": "6.1.1",
        "resolved": "https://registry.npmjs.org/@types/webidl-conversions/-/webidl-conversions-6.1.1.tgz",
        "integrity": "sha512-XAahCdThVuCFDQLT7R7Pk/vqeObFNL3YqRyFZg+AqAP/W1/w3xHaIxuW7WszQqTbIBOPRcItYJIou3i/mppu3Q=="
      },
      "node_modules/@types/whatwg-url": {
        "version": "8.2.2",
        "resolved": "https://registry.npmjs.org/@types/whatwg-url/-/whatwg-url-8.2.2.tgz",
        "integrity": "sha512-FtQu10RWgn3D9U4aazdwIE2yzphmTJREDqNdODHrbrZmmMqI0vMheC/6NE/J1Yveaj8H+ela+YwWTjq5PGmuhA==",
        "dependencies": {
          "@types/node": "*",
          "@types/webidl-conversions": "*"
        }
      },
      "node_modules/accepts": {
        "version": "1.3.8",
        "resolved": "https://registry.npmjs.org/accepts/-/accepts-1.3.8.tgz",
        "integrity": "sha512-PYAthTa2m2VKxuvSD3DPC/Gy+U+sOA1LAuT8mkmRuvw+NACSaeXEQ+NHcVF7rONl6qcaxV3Uuemwawk+7+SJLw==",
        "dependencies": {
          "mime-types": "~2.1.34",
          "negotiator": "0.6.3"
        },
        "engines": {
          "node": ">= 0.6"
        }
      },
      "node_modules/array-flatten": {
        "version": "1.1.1",
        "resolved": "https://registry.npmjs.org/array-flatten/-/array-flatten-1.1.1.tgz",
        "integrity": "sha512-PCVAQswWemu6UdxsDFFX/+gVeYqKAod3D3UVm91jHwynguOwAvYPhx8nNlM++NqRcK6CxxpUafjmhIdKiHibqg=="
      },
      "node_modules/base64-js": {
        "version": "1.5.1",
        "resolved": "https://registry.npmjs.org/base64-js/-/base64-js-1.5.1.tgz",
        "integrity": "sha512-AKpaYlHn8t4SVbOHCy+b5+KKgvR4vrsD8vbvrbiQJps7fKDTkjkDry6ji0rUJjC0kzbNePLwzxq8iypo41qeWA==",
        "funding": [
          {
            "type": "github",
            "url": "https://github.com/sponsors/feross"
          },
          {
            "type": "patreon",
            "url": "https://www.patreon.com/feross"
          },
          {
            "type": "consulting",
            "url": "https://feross.org/support"
          }
        ]
      },
      "node_modules/bl": {
        "version": "2.2.1",
        "resolved": "https://registry.npmjs.org/bl/-/bl-2.2.1.tgz",
        "integrity": "sha512-6Pesp1w0DEX1N550i/uGV/TqucVL4AM/pgThFSN/Qq9si1/DF9aIHs1BxD8V/QU0HoeHO6cQRTAuYnLPKq1e4g==",
        "dependencies": {
          "readable-stream": "^2.3.5",
          "safe-buffer": "^5.1.1"
        }
      },
      "node_modules/body-parser": {
        "version": "1.20.0",
        "resolved": "https://registry.npmjs.org/body-parser/-/body-parser-1.20.0.tgz",
        "integrity": "sha512-DfJ+q6EPcGKZD1QWUjSpqp+Q7bDQTsQIF4zfUAtZ6qk+H/3/QRhg9CEp39ss+/T2vw0+HaidC0ecJj/DRLIaKg==",
        "dependencies": {
          "bytes": "3.1.2",
          "content-type": "~1.0.4",
          "debug": "2.6.9",
          "depd": "2.0.0",
          "destroy": "1.2.0",
          "http-errors": "2.0.0",
          "iconv-lite": "0.4.24",
          "on-finished": "2.4.1",
          "qs": "6.10.3",
          "raw-body": "2.5.1",
          "type-is": "~1.6.18",
          "unpipe": "1.0.0"
        },
        "engines": {
          "node": ">= 0.8",
          "npm": "1.2.8000 || >= 1.4.16"
        }
      },
      "node_modules/bson": {
        "version": "1.1.6",
        "resolved": "https://registry.npmjs.org/bson/-/bson-1.1.6.tgz",
        "integrity": "sha512-EvVNVeGo4tHxwi8L6bPj3y3itEvStdwvvlojVxxbyYfoaxJ6keLgrTuKdyfEAszFK+H3olzBuafE0yoh0D1gdg==",
        "engines": {
          "node": ">=0.6.19"
        }
      },
      "node_modules/buffer": {
        "version": "5.7.1",
        "resolved": "https://registry.npmjs.org/buffer/-/buffer-5.7.1.tgz",
        "integrity": "sha512-EHcyIPBQ4BSGlvjB16k5KgAJ27CIsHY/2JBmCRReo48y9rQ3MaUzWX3KVlBa4U7MyX02HdVj0K7C3WaB3ju7FQ==",
        "funding": [
          {
            "type": "github",
            "url": "https://github.com/sponsors/feross"
          },
  